
Microsoft Visual Studio Solution File, Format Version 12.00
# Visual Studio Version 17
VisualStudioVersion = 17.1.32210.238
MinimumVisualStudioVersion = 10.0.40219.1
Project("{D954291E-2A0B-460D-934E-DC6B0785DB48}") = "ProgressRing3.Shared", "ProgressRing3\ProgressRing3.Shared\ProgressRing3.Shared.shproj", "{6279C845-92F8-4333-AB99-3D213163593C}"
EndProject
Project("{2150E333-8FDC-42A3-9474-1A3956D46DE8}") = "Platforms", "Platforms", "{B9644A79-A420-462E-B408-60E3A0C28074}"
EndProject
Project("{FAE04EC0-301F-11D3-BF4B-00C04F79EFBC}") = "ProgressRing3.Droid", "ProgressRing3\ProgressRing3.Droid\ProgressRing3.Droid.csproj", "{0EE5FCC5-1862-4D99-8724-7F1048D3F3D0}"
EndProject
Project("{FAE04EC0-301F-11D3-BF4B-00C04F79EFBC}") = "ProgressRing3.iOS", "ProgressRing3\ProgressRing3.iOS\ProgressRing3.iOS.csproj", "{8F0794E5-A72D-47EC-8043-05A1C94DC563}"
EndProject
Project("{FAE04EC0-301F-11D3-BF4B-00C04F79EFBC}") = "ProgressRing3.UWP", "ProgressRing3\ProgressRing3.UWP\ProgressRing3.UWP.csproj", "{AE4BEE98-D5C5-4EE9-9241-434A283653CF}"
EndProject
Project("{FAE04EC0-301F-11D3-BF4B-00C04F79EFBC}") = "ProgressRing3.Wasm", "ProgressRing3\ProgressRing3.Wasm\ProgressRing3.Wasm.csproj", "{E56A08A3-C893-4F21-BB1A-C4E3DB39D184}"
EndProject
Project("{FAE04EC0-301F-11D3-BF4B-00C04F79EFBC}") = "ProgressRing3.macOS", "ProgressRing3\ProgressRing3.macOS\ProgressRing3.macOS.csproj", "{4985B5B7-4C89-4DEE-8684-C18995CA4CBA}"
EndProject
Project("{FAE04EC0-301F-11D3-BF4B-00C04F79EFBC}") = "ProgressRing3.Skia.Wpf.Host", "ProgressRing3\ProgressRing3.Skia.Wpf.Host\ProgressRing3.Skia.Wpf.Host.csproj", "{65479AE4-60D6-431E-A1AF-1C33A4010078}"
EndProject
Project("{FAE04EC0-301F-11D3-BF4B-00C04F79EFBC}") = "ProgressRing3.Skia.Wpf", "ProgressRing3\ProgressRing3.Skia.Wpf\ProgressRing3.Skia.Wpf.csproj", "{25AD8F79-91A3-4F5D-94D4-87098CB34D5C}"
EndProject
Project("{FAE04EC0-301F-11D3-BF4B-00C04F79EFBC}") = "ProgressRing3.Skia.Gtk", "ProgressRing3\ProgressRing3.Skia.Gtk\ProgressRing3.Skia.Gtk.csproj", "{0EDCFB41-4EF7-4E9D-A0C9-38517FFCFFF5}"
EndProject
Project("{FAE04EC0-301F-11D3-BF4B-00C04F79EFBC}") = "ProgressRing3.Skia.Tizen", "ProgressRing3\ProgressRing3.Skia.Tizen\ProgressRing3.Skia.Tizen.csproj", "{ECCBFFC8-0FFA-409E-AA7F-A3ED8E1772B1}"
EndProject
Global
	GlobalSection(SharedMSBuildProjectFiles) = preSolution
		ProgressRing3\ProgressRing3.Shared\ProgressRing3.Shared.projitems*{0edcfb41-4ef7-4e9d-a0c9-38517ffcfff5}*SharedItemsImports = 5
		ProgressRing3\ProgressRing3.Shared\ProgressRing3.Shared.projitems*{0ee5fcc5-1862-4d99-8724-7f1048d3f3d0}*SharedItemsImports = 4
		ProgressRing3\ProgressRing3.Shared\ProgressRing3.Shared.projitems*{25ad8f79-91a3-4f5d-94d4-87098cb34d5c}*SharedItemsImports = 5
		ProgressRing3\ProgressRing3.Shared\ProgressRing3.Shared.projitems*{4985b5b7-4c89-4dee-8684-c18995ca4cba}*SharedItemsImports = 4
		ProgressRing3\ProgressRing3.Shared\ProgressRing3.Shared.projitems*{6279c845-92f8-4333-ab99-3d213163593c}*SharedItemsImports = 13
		ProgressRing3\ProgressRing3.Shared\ProgressRing3.Shared.projitems*{8f0794e5-a72d-47ec-8043-05a1c94dc563}*SharedItemsImports = 4
		ProgressRing3\ProgressRing3.Shared\ProgressRing3.Shared.projitems*{ae4bee98-d5c5-4ee9-9241-434a283653cf}*SharedItemsImports = 4
		ProgressRing3\ProgressRing3.Shared\ProgressRing3.Shared.projitems*{e56a08a3-c893-4f21-bb1a-c4e3db39d184}*SharedItemsImports = 5
		ProgressRing3\ProgressRing3.Shared\ProgressRing3.Shared.projitems*{eccbffc8-0ffa-409e-aa7f-a3ed8e1772b1}*SharedItemsImports = 5
	EndGlobalSection
	GlobalSection(SolutionConfigurationPlatforms) = preSolution
		Ad-Hoc|Any CPU = Ad-Hoc|Any CPU
		Ad-Hoc|ARM = Ad-Hoc|ARM
		Ad-Hoc|ARM64 = Ad-Hoc|ARM64
		Ad-Hoc|iPhone = Ad-Hoc|iPhone
		Ad-Hoc|iPhoneSimulator = Ad-Hoc|iPhoneSimulator
		Ad-Hoc|x64 = Ad-Hoc|x64
		Ad-Hoc|x86 = Ad-Hoc|x86
		AppStore|Any CPU = AppStore|Any CPU
		AppStore|ARM = AppStore|ARM
		AppStore|ARM64 = AppStore|ARM64
		AppStore|iPhone = AppStore|iPhone
		AppStore|iPhoneSimulator = AppStore|iPhoneSimulator
		AppStore|x64 = AppStore|x64
		AppStore|x86 = AppStore|x86
		Debug|Any CPU = Debug|Any CPU
		Debug|ARM = Debug|ARM
		Debug|ARM64 = Debug|ARM64
		Debug|iPhone = Debug|iPhone
		Debug|iPhoneSimulator = Debug|iPhoneSimulator
		Debug|x64 = Debug|x64
		Debug|x86 = Debug|x86
		Release|Any CPU = Release|Any CPU
		Release|ARM = Release|ARM
		Release|ARM64 = Release|ARM64
		Release|iPhone = Release|iPhone
		Release|iPhoneSimulator = Release|iPhoneSimulator
		Release|x64 = Release|x64
		Release|x86 = Release|x86
	EndGlobalSection
	GlobalSection(ProjectConfigurationPlatforms) = postSolution
		{0EE5FCC5-1862-4D99-8724-7F1048D3F3D0}.Ad-Hoc|Any CPU.ActiveCfg = Debug|Any CPU
		{0EE5FCC5-1862-4D99-8724-7F1048D3F3D0}.Ad-Hoc|Any CPU.Build.0 = Debug|Any CPU
		{0EE5FCC5-1862-4D99-8724-7F1048D3F3D0}.Ad-Hoc|Any CPU.Deploy.0 = Debug|Any CPU
		{0EE5FCC5-1862-4D99-8724-7F1048D3F3D0}.Ad-Hoc|ARM.ActiveCfg = Debug|Any CPU
		{0EE5FCC5-1862-4D99-8724-7F1048D3F3D0}.Ad-Hoc|ARM.Build.0 = Debug|Any CPU
		{0EE5FCC5-1862-4D99-8724-7F1048D3F3D0}.Ad-Hoc|ARM.Deploy.0 = Debug|Any CPU
		{0EE5FCC5-1862-4D99-8724-7F1048D3F3D0}.Ad-Hoc|ARM64.ActiveCfg = Debug|Any CPU
		{0EE5FCC5-1862-4D99-8724-7F1048D3F3D0}.Ad-Hoc|ARM64.Build.0 = Debug|Any CPU
		{0EE5FCC5-1862-4D99-8724-7F1048D3F3D0}.Ad-Hoc|ARM64.Deploy.0 = Debug|Any CPU
		{0EE5FCC5-1862-4D99-8724-7F1048D3F3D0}.Ad-Hoc|iPhone.ActiveCfg = Debug|Any CPU
		{0EE5FCC5-1862-4D99-8724-7F1048D3F3D0}.Ad-Hoc|iPhone.Build.0 = Debug|Any CPU
		{0EE5FCC5-1862-4D99-8724-7F1048D3F3D0}.Ad-Hoc|iPhone.Deploy.0 = Debug|Any CPU
		{0EE5FCC5-1862-4D99-8724-7F1048D3F3D0}.Ad-Hoc|iPhoneSimulator.ActiveCfg = Debug|Any CPU
		{0EE5FCC5-1862-4D99-8724-7F1048D3F3D0}.Ad-Hoc|iPhoneSimulator.Build.0 = Debug|Any CPU
		{0EE5FCC5-1862-4D99-8724-7F1048D3F3D0}.Ad-Hoc|iPhoneSimulator.Deploy.0 = Debug|Any CPU
		{0EE5FCC5-1862-4D99-8724-7F1048D3F3D0}.Ad-Hoc|x64.ActiveCfg = Debug|Any CPU
		{0EE5FCC5-1862-4D99-8724-7F1048D3F3D0}.Ad-Hoc|x64.Build.0 = Debug|Any CPU
		{0EE5FCC5-1862-4D99-8724-7F1048D3F3D0}.Ad-Hoc|x64.Deploy.0 = Debug|Any CPU
		{0EE5FCC5-1862-4D99-8724-7F1048D3F3D0}.Ad-Hoc|x86.ActiveCfg = Debug|Any CPU
		{0EE5FCC5-1862-4D99-8724-7F1048D3F3D0}.Ad-Hoc|x86.Build.0 = Debug|Any CPU
		{0EE5FCC5-1862-4D99-8724-7F1048D3F3D0}.Ad-Hoc|x86.Deploy.0 = Debug|Any CPU
		{0EE5FCC5-1862-4D99-8724-7F1048D3F3D0}.AppStore|Any CPU.ActiveCfg = Debug|Any CPU
		{0EE5FCC5-1862-4D99-8724-7F1048D3F3D0}.AppStore|Any CPU.Build.0 = Debug|Any CPU
		{0EE5FCC5-1862-4D99-8724-7F1048D3F3D0}.AppStore|Any CPU.Deploy.0 = Debug|Any CPU
		{0EE5FCC5-1862-4D99-8724-7F1048D3F3D0}.AppStore|ARM.ActiveCfg = Debug|Any CPU
		{0EE5FCC5-1862-4D99-8724-7F1048D3F3D0}.AppStore|ARM.Build.0 = Debug|Any CPU
		{0EE5FCC5-1862-4D99-8724-7F1048D3F3D0}.AppStore|ARM.Deploy.0 = Debug|Any CPU
		{0EE5FCC5-1862-4D99-8724-7F1048D3F3D0}.AppStore|ARM64.ActiveCfg = Debug|Any CPU
		{0EE5FCC5-1862-4D99-8724-7F1048D3F3D0}.AppStore|ARM64.Build.0 = Debug|Any CPU
		{0EE5FCC5-1862-4D99-8724-7F1048D3F3D0}.AppStore|ARM64.Deploy.0 = Debug|Any CPU
		{0EE5FCC5-1862-4D99-8724-7F1048D3F3D0}.AppStore|iPhone.ActiveCfg = Debug|Any CPU
		{0EE5FCC5-1862-4D99-8724-7F1048D3F3D0}.AppStore|iPhone.Build.0 = Debug|Any CPU
		{0EE5FCC5-1862-4D99-8724-7F1048D3F3D0}.AppStore|iPhone.Deploy.0 = Debug|Any CPU
		{0EE5FCC5-1862-4D99-8724-7F1048D3F3D0}.AppStore|iPhoneSimulator.ActiveCfg = Debug|Any CPU
		{0EE5FCC5-1862-4D99-8724-7F1048D3F3D0}.AppStore|iPhoneSimulator.Build.0 = Debug|Any CPU
		{0EE5FCC5-1862-4D99-8724-7F1048D3F3D0}.AppStore|iPhoneSimulator.Deploy.0 = Debug|Any CPU
		{0EE5FCC5-1862-4D99-8724-7F1048D3F3D0}.AppStore|x64.ActiveCfg = Debug|Any CPU
		{0EE5FCC5-1862-4D99-8724-7F1048D3F3D0}.AppStore|x64.Build.0 = Debug|Any CPU
		{0EE5FCC5-1862-4D99-8724-7F1048D3F3D0}.AppStore|x64.Deploy.0 = Debug|Any CPU
		{0EE5FCC5-1862-4D99-8724-7F1048D3F3D0}.AppStore|x86.ActiveCfg = Debug|Any CPU
		{0EE5FCC5-1862-4D99-8724-7F1048D3F3D0}.AppStore|x86.Build.0 = Debug|Any CPU
		{0EE5FCC5-1862-4D99-8724-7F1048D3F3D0}.AppStore|x86.Deploy.0 = Debug|Any CPU
		{0EE5FCC5-1862-4D99-8724-7F1048D3F3D0}.Debug|Any CPU.ActiveCfg = Debug|Any CPU
		{0EE5FCC5-1862-4D99-8724-7F1048D3F3D0}.Debug|Any CPU.Build.0 = Debug|Any CPU
		{0EE5FCC5-1862-4D99-8724-7F1048D3F3D0}.Debug|Any CPU.Deploy.0 = Debug|Any CPU
		{0EE5FCC5-1862-4D99-8724-7F1048D3F3D0}.Debug|ARM.ActiveCfg = Debug|Any CPU
		{0EE5FCC5-1862-4D99-8724-7F1048D3F3D0}.Debug|ARM.Build.0 = Debug|Any CPU
		{0EE5FCC5-1862-4D99-8724-7F1048D3F3D0}.Debug|ARM.Deploy.0 = Debug|Any CPU
		{0EE5FCC5-1862-4D99-8724-7F1048D3F3D0}.Debug|ARM64.ActiveCfg = Debug|Any CPU
		{0EE5FCC5-1862-4D99-8724-7F1048D3F3D0}.Debug|ARM64.Build.0 = Debug|Any CPU
		{0EE5FCC5-1862-4D99-8724-7F1048D3F3D0}.Debug|ARM64.Deploy.0 = Debug|Any CPU
		{0EE5FCC5-1862-4D99-8724-7F1048D3F3D0}.Debug|iPhone.ActiveCfg = Debug|Any CPU
		{0EE5FCC5-1862-4D99-8724-7F1048D3F3D0}.Debug|iPhone.Build.0 = Debug|Any CPU
		{0EE5FCC5-1862-4D99-8724-7F1048D3F3D0}.Debug|iPhone.Deploy.0 = Debug|Any CPU
		{0EE5FCC5-1862-4D99-8724-7F1048D3F3D0}.Debug|iPhoneSimulator.ActiveCfg = Debug|Any CPU
		{0EE5FCC5-1862-4D99-8724-7F1048D3F3D0}.Debug|iPhoneSimulator.Build.0 = Debug|Any CPU
		{0EE5FCC5-1862-4D99-8724-7F1048D3F3D0}.Debug|iPhoneSimulator.Deploy.0 = Debug|Any CPU
		{0EE5FCC5-1862-4D99-8724-7F1048D3F3D0}.Debug|x64.ActiveCfg = Debug|Any CPU
		{0EE5FCC5-1862-4D99-8724-7F1048D3F3D0}.Debug|x64.Build.0 = Debug|Any CPU
		{0EE5FCC5-1862-4D99-8724-7F1048D3F3D0}.Debug|x64.Deploy.0 = Debug|Any CPU
		{0EE5FCC5-1862-4D99-8724-7F1048D3F3D0}.Debug|x86.ActiveCfg = Debug|Any CPU
		{0EE5FCC5-1862-4D99-8724-7F1048D3F3D0}.Debug|x86.Build.0 = Debug|Any CPU
		{0EE5FCC5-1862-4D99-8724-7F1048D3F3D0}.Debug|x86.Deploy.0 = Debug|Any CPU
		{0EE5FCC5-1862-4D99-8724-7F1048D3F3D0}.Release|Any CPU.ActiveCfg = Release|Any CPU
		{0EE5FCC5-1862-4D99-8724-7F1048D3F3D0}.Release|Any CPU.Build.0 = Release|Any CPU
		{0EE5FCC5-1862-4D99-8724-7F1048D3F3D0}.Release|Any CPU.Deploy.0 = Release|Any CPU
		{0EE5FCC5-1862-4D99-8724-7F1048D3F3D0}.Release|ARM.ActiveCfg = Release|Any CPU
		{0EE5FCC5-1862-4D99-8724-7F1048D3F3D0}.Release|ARM.Build.0 = Release|Any CPU
		{0EE5FCC5-1862-4D99-8724-7F1048D3F3D0}.Release|ARM.Deploy.0 = Release|Any CPU
		{0EE5FCC5-1862-4D99-8724-7F1048D3F3D0}.Release|ARM64.ActiveCfg = Release|Any CPU
		{0EE5FCC5-1862-4D99-8724-7F1048D3F3D0}.Release|ARM64.Build.0 = Release|Any CPU
		{0EE5FCC5-1862-4D99-8724-7F1048D3F3D0}.Release|ARM64.Deploy.0 = Release|Any CPU
		{0EE5FCC5-1862-4D99-8724-7F1048D3F3D0}.Release|iPhone.ActiveCfg = Release|Any CPU
		{0EE5FCC5-1862-4D99-8724-7F1048D3F3D0}.Release|iPhone.Build.0 = Release|Any CPU
		{0EE5FCC5-1862-4D99-8724-7F1048D3F3D0}.Release|iPhone.Deploy.0 = Release|Any CPU
		{0EE5FCC5-1862-4D99-8724-7F1048D3F3D0}.Release|iPhoneSimulator.ActiveCfg = Release|Any CPU
		{0EE5FCC5-1862-4D99-8724-7F1048D3F3D0}.Release|iPhoneSimulator.Build.0 = Release|Any CPU
		{0EE5FCC5-1862-4D99-8724-7F1048D3F3D0}.Release|iPhoneSimulator.Deploy.0 = Release|Any CPU
		{0EE5FCC5-1862-4D99-8724-7F1048D3F3D0}.Release|x64.ActiveCfg = Release|Any CPU
		{0EE5FCC5-1862-4D99-8724-7F1048D3F3D0}.Release|x64.Build.0 = Release|Any CPU
		{0EE5FCC5-1862-4D99-8724-7F1048D3F3D0}.Release|x64.Deploy.0 = Release|Any CPU
		{0EE5FCC5-1862-4D99-8724-7F1048D3F3D0}.Release|x86.ActiveCfg = Release|Any CPU
		{0EE5FCC5-1862-4D99-8724-7F1048D3F3D0}.Release|x86.Build.0 = Release|Any CPU
		{0EE5FCC5-1862-4D99-8724-7F1048D3F3D0}.Release|x86.Deploy.0 = Release|Any CPU
		{8F0794E5-A72D-47EC-8043-05A1C94DC563}.Ad-Hoc|Any CPU.ActiveCfg = Ad-Hoc|iPhoneSimulator
		{8F0794E5-A72D-47EC-8043-05A1C94DC563}.Ad-Hoc|Any CPU.Build.0 = Ad-Hoc|iPhoneSimulator
		{8F0794E5-A72D-47EC-8043-05A1C94DC563}.Ad-Hoc|ARM.ActiveCfg = Ad-Hoc|iPhoneSimulator
		{8F0794E5-A72D-47EC-8043-05A1C94DC563}.Ad-Hoc|ARM.Build.0 = Ad-Hoc|iPhoneSimulator
		{8F0794E5-A72D-47EC-8043-05A1C94DC563}.Ad-Hoc|ARM64.ActiveCfg = Ad-Hoc|iPhoneSimulator
		{8F0794E5-A72D-47EC-8043-05A1C94DC563}.Ad-Hoc|ARM64.Build.0 = Ad-Hoc|iPhoneSimulator
		{8F0794E5-A72D-47EC-8043-05A1C94DC563}.Ad-Hoc|iPhone.ActiveCfg = Ad-Hoc|iPhone
		{8F0794E5-A72D-47EC-8043-05A1C94DC563}.Ad-Hoc|iPhone.Build.0 = Ad-Hoc|iPhone
		{8F0794E5-A72D-47EC-8043-05A1C94DC563}.Ad-Hoc|iPhoneSimulator.ActiveCfg = Ad-Hoc|iPhoneSimulator
		{8F0794E5-A72D-47EC-8043-05A1C94DC563}.Ad-Hoc|iPhoneSimulator.Build.0 = Ad-Hoc|iPhoneSimulator
		{8F0794E5-A72D-47EC-8043-05A1C94DC563}.Ad-Hoc|x64.ActiveCfg = Ad-Hoc|iPhoneSimulator
		{8F0794E5-A72D-47EC-8043-05A1C94DC563}.Ad-Hoc|x64.Build.0 = Ad-Hoc|iPhoneSimulator
		{8F0794E5-A72D-47EC-8043-05A1C94DC563}.Ad-Hoc|x86.ActiveCfg = Ad-Hoc|iPhoneSimulator
		{8F0794E5-A72D-47EC-8043-05A1C94DC563}.Ad-Hoc|x86.Build.0 = Ad-Hoc|iPhoneSimulator
		{8F0794E5-A72D-47EC-8043-05A1C94DC563}.AppStore|Any CPU.ActiveCfg = AppStore|iPhoneSimulator
		{8F0794E5-A72D-47EC-8043-05A1C94DC563}.AppStore|Any CPU.Build.0 = AppStore|iPhoneSimulator
		{8F0794E5-A72D-47EC-8043-05A1C94DC563}.AppStore|ARM.ActiveCfg = AppStore|iPhoneSimulator
		{8F0794E5-A72D-47EC-8043-05A1C94DC563}.AppStore|ARM.Build.0 = AppStore|iPhoneSimulator
		{8F0794E5-A72D-47EC-8043-05A1C94DC563}.AppStore|ARM64.ActiveCfg = AppStore|iPhoneSimulator
		{8F0794E5-A72D-47EC-8043-05A1C94DC563}.AppStore|ARM64.Build.0 = AppStore|iPhoneSimulator
		{8F0794E5-A72D-47EC-8043-05A1C94DC563}.AppStore|iPhone.ActiveCfg = AppStore|iPhone
		{8F0794E5-A72D-47EC-8043-05A1C94DC563}.AppStore|iPhone.Build.0 = AppStore|iPhone
		{8F0794E5-A72D-47EC-8043-05A1C94DC563}.AppStore|iPhoneSimulator.ActiveCfg = AppStore|iPhoneSimulator
		{8F0794E5-A72D-47EC-8043-05A1C94DC563}.AppStore|iPhoneSimulator.Build.0 = AppStore|iPhoneSimulator
		{8F0794E5-A72D-47EC-8043-05A1C94DC563}.AppStore|x64.ActiveCfg = AppStore|iPhoneSimulator
		{8F0794E5-A72D-47EC-8043-05A1C94DC563}.AppStore|x64.Build.0 = AppStore|iPhoneSimulator
		{8F0794E5-A72D-47EC-8043-05A1C94DC563}.AppStore|x86.ActiveCfg = AppStore|iPhoneSimulator
		{8F0794E5-A72D-47EC-8043-05A1C94DC563}.AppStore|x86.Build.0 = AppStore|iPhoneSimulator
		{8F0794E5-A72D-47EC-8043-05A1C94DC563}.Debug|Any CPU.ActiveCfg = Debug|iPhoneSimulator
		{8F0794E5-A72D-47EC-8043-05A1C94DC563}.Debug|Any CPU.Build.0 = Debug|iPhoneSimulator
		{8F0794E5-A72D-47EC-8043-05A1C94DC563}.Debug|ARM.ActiveCfg = Debug|iPhoneSimulator
		{8F0794E5-A72D-47EC-8043-05A1C94DC563}.Debug|ARM.Build.0 = Debug|iPhoneSimulator
		{8F0794E5-A72D-47EC-8043-05A1C94DC563}.Debug|ARM64.ActiveCfg = Debug|iPhoneSimulator
		{8F0794E5-A72D-47EC-8043-05A1C94DC563}.Debug|ARM64.Build.0 = Debug|iPhoneSimulator
		{8F0794E5-A72D-47EC-8043-05A1C94DC563}.Debug|iPhone.ActiveCfg = Debug|iPhone
		{8F0794E5-A72D-47EC-8043-05A1C94DC563}.Debug|iPhone.Build.0 = Debug|iPhone
		{8F0794E5-A72D-47EC-8043-05A1C94DC563}.Debug|iPhoneSimulator.ActiveCfg = Debug|iPhoneSimulator
		{8F0794E5-A72D-47EC-8043-05A1C94DC563}.Debug|iPhoneSimulator.Build.0 = Debug|iPhoneSimulator
		{8F0794E5-A72D-47EC-8043-05A1C94DC563}.Debug|x64.ActiveCfg = Debug|iPhoneSimulator
		{8F0794E5-A72D-47EC-8043-05A1C94DC563}.Debug|x64.Build.0 = Debug|iPhoneSimulator
		{8F0794E5-A72D-47EC-8043-05A1C94DC563}.Debug|x86.ActiveCfg = Debug|iPhoneSimulator
		{8F0794E5-A72D-47EC-8043-05A1C94DC563}.Debug|x86.Build.0 = Debug|iPhoneSimulator
		{8F0794E5-A72D-47EC-8043-05A1C94DC563}.Release|Any CPU.ActiveCfg = Release|iPhoneSimulator
		{8F0794E5-A72D-47EC-8043-05A1C94DC563}.Release|Any CPU.Build.0 = Release|iPhoneSimulator
		{8F0794E5-A72D-47EC-8043-05A1C94DC563}.Release|ARM.ActiveCfg = Release|iPhoneSimulator
		{8F0794E5-A72D-47EC-8043-05A1C94DC563}.Release|ARM.Build.0 = Release|iPhoneSimulator
		{8F0794E5-A72D-47EC-8043-05A1C94DC563}.Release|ARM64.ActiveCfg = Release|iPhoneSimulator
		{8F0794E5-A72D-47EC-8043-05A1C94DC563}.Release|ARM64.Build.0 = Release|iPhoneSimulator
		{8F0794E5-A72D-47EC-8043-05A1C94DC563}.Release|iPhone.ActiveCfg = Release|iPhone
		{8F0794E5-A72D-47EC-8043-05A1C94DC563}.Release|iPhone.Build.0 = Release|iPhone
		{8F0794E5-A72D-47EC-8043-05A1C94DC563}.Release|iPhoneSimulator.ActiveCfg = Release|iPhoneSimulator
		{8F0794E5-A72D-47EC-8043-05A1C94DC563}.Release|iPhoneSimulator.Build.0 = Release|iPhoneSimulator
		{8F0794E5-A72D-47EC-8043-05A1C94DC563}.Release|x64.ActiveCfg = Release|iPhoneSimulator
		{8F0794E5-A72D-47EC-8043-05A1C94DC563}.Release|x64.Build.0 = Release|iPhoneSimulator
		{8F0794E5-A72D-47EC-8043-05A1C94DC563}.Release|x86.ActiveCfg = Release|iPhoneSimulator
		{8F0794E5-A72D-47EC-8043-05A1C94DC563}.Release|x86.Build.0 = Release|iPhoneSimulator
		{AE4BEE98-D5C5-4EE9-9241-434A283653CF}.Ad-Hoc|Any CPU.ActiveCfg = Debug|x86
		{AE4BEE98-D5C5-4EE9-9241-434A283653CF}.Ad-Hoc|Any CPU.Build.0 = Debug|x86
		{AE4BEE98-D5C5-4EE9-9241-434A283653CF}.Ad-Hoc|Any CPU.Deploy.0 = Debug|x86
		{AE4BEE98-D5C5-4EE9-9241-434A283653CF}.Ad-Hoc|ARM.ActiveCfg = Debug|ARM
		{AE4BEE98-D5C5-4EE9-9241-434A283653CF}.Ad-Hoc|ARM.Build.0 = Debug|ARM
		{AE4BEE98-D5C5-4EE9-9241-434A283653CF}.Ad-Hoc|ARM.Deploy.0 = Debug|ARM
		{AE4BEE98-D5C5-4EE9-9241-434A283653CF}.Ad-Hoc|ARM64.ActiveCfg = Debug|ARM64
		{AE4BEE98-D5C5-4EE9-9241-434A283653CF}.Ad-Hoc|ARM64.Build.0 = Debug|ARM64
		{AE4BEE98-D5C5-4EE9-9241-434A283653CF}.Ad-Hoc|ARM64.Deploy.0 = Debug|ARM64
		{AE4BEE98-D5C5-4EE9-9241-434A283653CF}.Ad-Hoc|iPhone.ActiveCfg = Debug|x86
		{AE4BEE98-D5C5-4EE9-9241-434A283653CF}.Ad-Hoc|iPhone.Build.0 = Debug|x86
		{AE4BEE98-D5C5-4EE9-9241-434A283653CF}.Ad-Hoc|iPhone.Deploy.0 = Debug|x86
		{AE4BEE98-D5C5-4EE9-9241-434A283653CF}.Ad-Hoc|iPhoneSimulator.ActiveCfg = Debug|x86
		{AE4BEE98-D5C5-4EE9-9241-434A283653CF}.Ad-Hoc|iPhoneSimulator.Build.0 = Debug|x86
		{AE4BEE98-D5C5-4EE9-9241-434A283653CF}.Ad-Hoc|iPhoneSimulator.Deploy.0 = Debug|x86
		{AE4BEE98-D5C5-4EE9-9241-434A283653CF}.Ad-Hoc|x64.ActiveCfg = Debug|x64
		{AE4BEE98-D5C5-4EE9-9241-434A283653CF}.Ad-Hoc|x64.Build.0 = Debug|x64
		{AE4BEE98-D5C5-4EE9-9241-434A283653CF}.Ad-Hoc|x64.Deploy.0 = Debug|x64
		{AE4BEE98-D5C5-4EE9-9241-434A283653CF}.Ad-Hoc|x86.ActiveCfg = Debug|x86
		{AE4BEE98-D5C5-4EE9-9241-434A283653CF}.Ad-Hoc|x86.Build.0 = Debug|x86
		{AE4BEE98-D5C5-4EE9-9241-434A283653CF}.Ad-Hoc|x86.Deploy.0 = Debug|x86
		{AE4BEE98-D5C5-4EE9-9241-434A283653CF}.AppStore|Any CPU.ActiveCfg = Debug|x86
		{AE4BEE98-D5C5-4EE9-9241-434A283653CF}.AppStore|Any CPU.Build.0 = Debug|x86
		{AE4BEE98-D5C5-4EE9-9241-434A283653CF}.AppStore|Any CPU.Deploy.0 = Debug|x86
		{AE4BEE98-D5C5-4EE9-9241-434A283653CF}.AppStore|ARM.ActiveCfg = Debug|ARM
		{AE4BEE98-D5C5-4EE9-9241-434A283653CF}.AppStore|ARM.Build.0 = Debug|ARM
		{AE4BEE98-D5C5-4EE9-9241-434A283653CF}.AppStore|ARM.Deploy.0 = Debug|ARM
		{AE4BEE98-D5C5-4EE9-9241-434A283653CF}.AppStore|ARM64.ActiveCfg = Debug|ARM64
		{AE4BEE98-D5C5-4EE9-9241-434A283653CF}.AppStore|ARM64.Build.0 = Debug|ARM64
		{AE4BEE98-D5C5-4EE9-9241-434A283653CF}.AppStore|ARM64.Deploy.0 = Debug|ARM64
		{AE4BEE98-D5C5-4EE9-9241-434A283653CF}.AppStore|iPhone.ActiveCfg = Debug|x86
		{AE4BEE98-D5C5-4EE9-9241-434A283653CF}.AppStore|iPhone.Build.0 = Debug|x86
		{AE4BEE98-D5C5-4EE9-9241-434A283653CF}.AppStore|iPhone.Deploy.0 = Debug|x86
		{AE4BEE98-D5C5-4EE9-9241-434A283653CF}.AppStore|iPhoneSimulator.ActiveCfg = Debug|x86
		{AE4BEE98-D5C5-4EE9-9241-434A283653CF}.AppStore|iPhoneSimulator.Build.0 = Debug|x86
		{AE4BEE98-D5C5-4EE9-9241-434A283653CF}.AppStore|iPhoneSimulator.Deploy.0 = Debug|x86
		{AE4BEE98-D5C5-4EE9-9241-434A283653CF}.AppStore|x64.ActiveCfg = Debug|x64
		{AE4BEE98-D5C5-4EE9-9241-434A283653CF}.AppStore|x64.Build.0 = Debug|x64
		{AE4BEE98-D5C5-4EE9-9241-434A283653CF}.AppStore|x64.Deploy.0 = Debug|x64
		{AE4BEE98-D5C5-4EE9-9241-434A283653CF}.AppStore|x86.ActiveCfg = Debug|x86
		{AE4BEE98-D5C5-4EE9-9241-434A283653CF}.AppStore|x86.Build.0 = Debug|x86
		{AE4BEE98-D5C5-4EE9-9241-434A283653CF}.AppStore|x86.Deploy.0 = Debug|x86
		{AE4BEE98-D5C5-4EE9-9241-434A283653CF}.Debug|Any CPU.ActiveCfg = Debug|x64
		{AE4BEE98-D5C5-4EE9-9241-434A283653CF}.Debug|Any CPU.Build.0 = Debug|x64
		{AE4BEE98-D5C5-4EE9-9241-434A283653CF}.Debug|Any CPU.Deploy.0 = Debug|x64
		{AE4BEE98-D5C5-4EE9-9241-434A283653CF}.Debug|ARM.ActiveCfg = Debug|ARM
		{AE4BEE98-D5C5-4EE9-9241-434A283653CF}.Debug|ARM.Build.0 = Debug|ARM
		{AE4BEE98-D5C5-4EE9-9241-434A283653CF}.Debug|ARM.Deploy.0 = Debug|ARM
		{AE4BEE98-D5C5-4EE9-9241-434A283653CF}.Debug|ARM64.ActiveCfg = Debug|ARM64
		{AE4BEE98-D5C5-4EE9-9241-434A283653CF}.Debug|ARM64.Build.0 = Debug|ARM64
		{AE4BEE98-D5C5-4EE9-9241-434A283653CF}.Debug|ARM64.Deploy.0 = Debug|ARM64
		{AE4BEE98-D5C5-4EE9-9241-434A283653CF}.Debug|iPhone.ActiveCfg = Debug|x64
		{AE4BEE98-D5C5-4EE9-9241-434A283653CF}.Debug|iPhone.Build.0 = Debug|x64
		{AE4BEE98-D5C5-4EE9-9241-434A283653CF}.Debug|iPhone.Deploy.0 = Debug|x64
		{AE4BEE98-D5C5-4EE9-9241-434A283653CF}.Debug|iPhoneSimulator.ActiveCfg = Debug|x64
		{AE4BEE98-D5C5-4EE9-9241-434A283653CF}.Debug|iPhoneSimulator.Build.0 = Debug|x64
		{AE4BEE98-D5C5-4EE9-9241-434A283653CF}.Debug|iPhoneSimulator.Deploy.0 = Debug|x64
		{AE4BEE98-D5C5-4EE9-9241-434A283653CF}.Debug|x64.ActiveCfg = Debug|x64
		{AE4BEE98-D5C5-4EE9-9241-434A283653CF}.Debug|x64.Build.0 = Debug|x64
		{AE4BEE98-D5C5-4EE9-9241-434A283653CF}.Debug|x64.Deploy.0 = Debug|x64
		{AE4BEE98-D5C5-4EE9-9241-434A283653CF}.Debug|x86.ActiveCfg = Debug|x86
		{AE4BEE98-D5C5-4EE9-9241-434A283653CF}.Debug|x86.Build.0 = Debug|x86
		{AE4BEE98-D5C5-4EE9-9241-434A283653CF}.Debug|x86.Deploy.0 = Debug|x86
		{AE4BEE98-D5C5-4EE9-9241-434A283653CF}.Release|Any CPU.ActiveCfg = Release|x64
		{AE4BEE98-D5C5-4EE9-9241-434A283653CF}.Release|Any CPU.Build.0 = Release|x64
		{AE4BEE98-D5C5-4EE9-9241-434A283653CF}.Release|Any CPU.Deploy.0 = Release|x64
		{AE4BEE98-D5C5-4EE9-9241-434A283653CF}.Release|ARM.ActiveCfg = Release|ARM
		{AE4BEE98-D5C5-4EE9-9241-434A283653CF}.Release|ARM.Build.0 = Release|ARM
		{AE4BEE98-D5C5-4EE9-9241-434A283653CF}.Release|ARM.Deploy.0 = Release|ARM
		{AE4BEE98-D5C5-4EE9-9241-434A283653CF}.Release|ARM64.ActiveCfg = Release|ARM64
		{AE4BEE98-D5C5-4EE9-9241-434A283653CF}.Release|ARM64.Build.0 = Release|ARM64
		{AE4BEE98-D5C5-4EE9-9241-434A283653CF}.Release|ARM64.Deploy.0 = Release|ARM64
		{AE4BEE98-D5C5-4EE9-9241-434A283653CF}.Release|iPhone.ActiveCfg = Release|x64
		{AE4BEE98-D5C5-4EE9-9241-434A283653CF}.Release|iPhone.Build.0 = Release|x64
		{AE4BEE98-D5C5-4EE9-9241-434A283653CF}.Release|iPhone.Deploy.0 = Release|x64
		{AE4BEE98-D5C5-4EE9-9241-434A283653CF}.Release|iPhoneSimulator.ActiveCfg = Release|x64
		{AE4BEE98-D5C5-4EE9-9241-434A283653CF}.Release|iPhoneSimulator.Build.0 = Release|x64
		{AE4BEE98-D5C5-4EE9-9241-434A283653CF}.Release|iPhoneSimulator.Deploy.0 = Release|x64
		{AE4BEE98-D5C5-4EE9-9241-434A283653CF}.Release|x64.ActiveCfg = Release|x64
		{AE4BEE98-D5C5-4EE9-9241-434A283653CF}.Release|x64.Build.0 = Release|x64
		{AE4BEE98-D5C5-4EE9-9241-434A283653CF}.Release|x64.Deploy.0 = Release|x64
		{AE4BEE98-D5C5-4EE9-9241-434A283653CF}.Release|x86.ActiveCfg = Release|x86
		{AE4BEE98-D5C5-4EE9-9241-434A283653CF}.Release|x86.Build.0 = Release|x86
		{AE4BEE98-D5C5-4EE9-9241-434A283653CF}.Release|x86.Deploy.0 = Release|x86
		{E56A08A3-C893-4F21-BB1A-C4E3DB39D184}.Ad-Hoc|Any CPU.ActiveCfg = Debug|Any CPU
		{E56A08A3-C893-4F21-BB1A-C4E3DB39D184}.Ad-Hoc|Any CPU.Build.0 = Debug|Any CPU
		{E56A08A3-C893-4F21-BB1A-C4E3DB39D184}.Ad-Hoc|ARM.ActiveCfg = Debug|Any CPU
		{E56A08A3-C893-4F21-BB1A-C4E3DB39D184}.Ad-Hoc|ARM.Build.0 = Debug|Any CPU
		{E56A08A3-C893-4F21-BB1A-C4E3DB39D184}.Ad-Hoc|ARM64.ActiveCfg = Debug|Any CPU
		{E56A08A3-C893-4F21-BB1A-C4E3DB39D184}.Ad-Hoc|ARM64.Build.0 = Debug|Any CPU
		{E56A08A3-C893-4F21-BB1A-C4E3DB39D184}.Ad-Hoc|iPhone.ActiveCfg = Debug|Any CPU
		{E56A08A3-C893-4F21-BB1A-C4E3DB39D184}.Ad-Hoc|iPhone.Build.0 = Debug|Any CPU
		{E56A08A3-C893-4F21-BB1A-C4E3DB39D184}.Ad-Hoc|iPhoneSimulator.ActiveCfg = Debug|Any CPU
		{E56A08A3-C893-4F21-BB1A-C4E3DB39D184}.Ad-Hoc|iPhoneSimulator.Build.0 = Debug|Any CPU
		{E56A08A3-C893-4F21-BB1A-C4E3DB39D184}.Ad-Hoc|x64.ActiveCfg = Debug|Any CPU
		{E56A08A3-C893-4F21-BB1A-C4E3DB39D184}.Ad-Hoc|x64.Build.0 = Debug|Any CPU
		{E56A08A3-C893-4F21-BB1A-C4E3DB39D184}.Ad-Hoc|x86.ActiveCfg = Debug|Any CPU
		{E56A08A3-C893-4F21-BB1A-C4E3DB39D184}.Ad-Hoc|x86.Build.0 = Debug|Any CPU
		{E56A08A3-C893-4F21-BB1A-C4E3DB39D184}.AppStore|Any CPU.ActiveCfg = Debug|Any CPU
		{E56A08A3-C893-4F21-BB1A-C4E3DB39D184}.AppStore|Any CPU.Build.0 = Debug|Any CPU
		{E56A08A3-C893-4F21-BB1A-C4E3DB39D184}.AppStore|ARM.ActiveCfg = Debug|Any CPU
		{E56A08A3-C893-4F21-BB1A-C4E3DB39D184}.AppStore|ARM.Build.0 = Debug|Any CPU
		{E56A08A3-C893-4F21-BB1A-C4E3DB39D184}.AppStore|ARM64.ActiveCfg = Debug|Any CPU
		{E56A08A3-C893-4F21-BB1A-C4E3DB39D184}.AppStore|ARM64.Build.0 = Debug|Any CPU
		{E56A08A3-C893-4F21-BB1A-C4E3DB39D184}.AppStore|iPhone.ActiveCfg = Debug|Any CPU
		{E56A08A3-C893-4F21-BB1A-C4E3DB39D184}.AppStore|iPhone.Build.0 = Debug|Any CPU
		{E56A08A3-C893-4F21-BB1A-C4E3DB39D184}.AppStore|iPhoneSimulator.ActiveCfg = Debug|Any CPU
		{E56A08A3-C893-4F21-BB1A-C4E3DB39D184}.AppStore|iPhoneSimulator.Build.0 = Debug|Any CPU
		{E56A08A3-C893-4F21-BB1A-C4E3DB39D184}.AppStore|x64.ActiveCfg = Debug|Any CPU
		{E56A08A3-C893-4F21-BB1A-C4E3DB39D184}.AppStore|x64.Build.0 = Debug|Any CPU
		{E56A08A3-C893-4F21-BB1A-C4E3DB39D184}.AppStore|x86.ActiveCfg = Debug|Any CPU
		{E56A08A3-C893-4F21-BB1A-C4E3DB39D184}.AppStore|x86.Build.0 = Debug|Any CPU
		{E56A08A3-C893-4F21-BB1A-C4E3DB39D184}.Debug|Any CPU.ActiveCfg = Debug|Any CPU
		{E56A08A3-C893-4F21-BB1A-C4E3DB39D184}.Debug|Any CPU.Build.0 = Debug|Any CPU
		{E56A08A3-C893-4F21-BB1A-C4E3DB39D184}.Debug|ARM.ActiveCfg = Debug|Any CPU
		{E56A08A3-C893-4F21-BB1A-C4E3DB39D184}.Debug|ARM.Build.0 = Debug|Any CPU
		{E56A08A3-C893-4F21-BB1A-C4E3DB39D184}.Debug|ARM64.ActiveCfg = Debug|Any CPU
		{E56A08A3-C893-4F21-BB1A-C4E3DB39D184}.Debug|ARM64.Build.0 = Debug|Any CPU
		{E56A08A3-C893-4F21-BB1A-C4E3DB39D184}.Debug|iPhone.ActiveCfg = Debug|Any CPU
		{E56A08A3-C893-4F21-BB1A-C4E3DB39D184}.Debug|iPhone.Build.0 = Debug|Any CPU
		{E56A08A3-C893-4F21-BB1A-C4E3DB39D184}.Debug|iPhoneSimulator.ActiveCfg = Debug|Any CPU
		{E56A08A3-C893-4F21-BB1A-C4E3DB39D184}.Debug|iPhoneSimulator.Build.0 = Debug|Any CPU
		{E56A08A3-C893-4F21-BB1A-C4E3DB39D184}.Debug|x64.ActiveCfg = Debug|Any CPU
		{E56A08A3-C893-4F21-BB1A-C4E3DB39D184}.Debug|x64.Build.0 = Debug|Any CPU
		{E56A08A3-C893-4F21-BB1A-C4E3DB39D184}.Debug|x86.ActiveCfg = Debug|Any CPU
		{E56A08A3-C893-4F21-BB1A-C4E3DB39D184}.Debug|x86.Build.0 = Debug|Any CPU
		{E56A08A3-C893-4F21-BB1A-C4E3DB39D184}.Release|Any CPU.ActiveCfg = Release|Any CPU
		{E56A08A3-C893-4F21-BB1A-C4E3DB39D184}.Release|Any CPU.Build.0 = Release|Any CPU
		{E56A08A3-C893-4F21-BB1A-C4E3DB39D184}.Release|ARM.ActiveCfg = Release|Any CPU
		{E56A08A3-C893-4F21-BB1A-C4E3DB39D184}.Release|ARM.Build.0 = Release|Any CPU
		{E56A08A3-C893-4F21-BB1A-C4E3DB39D184}.Release|ARM64.ActiveCfg = Release|Any CPU
		{E56A08A3-C893-4F21-BB1A-C4E3DB39D184}.Release|ARM64.Build.0 = Release|Any CPU
		{E56A08A3-C893-4F21-BB1A-C4E3DB39D184}.Release|iPhone.ActiveCfg = Release|Any CPU
		{E56A08A3-C893-4F21-BB1A-C4E3DB39D184}.Release|iPhone.Build.0 = Release|Any CPU
		{E56A08A3-C893-4F21-BB1A-C4E3DB39D184}.Release|iPhoneSimulator.ActiveCfg = Release|Any CPU
		{E56A08A3-C893-4F21-BB1A-C4E3DB39D184}.Release|iPhoneSimulator.Build.0 = Release|Any CPU
		{E56A08A3-C893-4F21-BB1A-C4E3DB39D184}.Release|x64.ActiveCfg = Release|Any CPU
		{E56A08A3-C893-4F21-BB1A-C4E3DB39D184}.Release|x64.Build.0 = Release|Any CPU
		{E56A08A3-C893-4F21-BB1A-C4E3DB39D184}.Release|x86.ActiveCfg = Release|Any CPU
		{E56A08A3-C893-4F21-BB1A-C4E3DB39D184}.Release|x86.Build.0 = Release|Any CPU
		{4985B5B7-4C89-4DEE-8684-C18995CA4CBA}.Ad-Hoc|Any CPU.ActiveCfg = Debug|iPhoneSimulator
		{4985B5B7-4C89-4DEE-8684-C18995CA4CBA}.Ad-Hoc|Any CPU.Build.0 = Debug|iPhoneSimulator
		{4985B5B7-4C89-4DEE-8684-C18995CA4CBA}.Ad-Hoc|ARM.ActiveCfg = Debug|iPhoneSimulator
		{4985B5B7-4C89-4DEE-8684-C18995CA4CBA}.Ad-Hoc|ARM.Build.0 = Debug|iPhoneSimulator
		{4985B5B7-4C89-4DEE-8684-C18995CA4CBA}.Ad-Hoc|ARM64.ActiveCfg = Debug|iPhoneSimulator
		{4985B5B7-4C89-4DEE-8684-C18995CA4CBA}.Ad-Hoc|ARM64.Build.0 = Debug|iPhoneSimulator
		{4985B5B7-4C89-4DEE-8684-C18995CA4CBA}.Ad-Hoc|iPhone.ActiveCfg = Debug|iPhoneSimulator
		{4985B5B7-4C89-4DEE-8684-C18995CA4CBA}.Ad-Hoc|iPhone.Build.0 = Debug|iPhoneSimulator
		{4985B5B7-4C89-4DEE-8684-C18995CA4CBA}.Ad-Hoc|iPhoneSimulator.ActiveCfg = Debug|iPhoneSimulator
		{4985B5B7-4C89-4DEE-8684-C18995CA4CBA}.Ad-Hoc|iPhoneSimulator.Build.0 = Debug|iPhoneSimulator
		{4985B5B7-4C89-4DEE-8684-C18995CA4CBA}.Ad-Hoc|x64.ActiveCfg = Debug|iPhoneSimulator
		{4985B5B7-4C89-4DEE-8684-C18995CA4CBA}.Ad-Hoc|x64.Build.0 = Debug|iPhoneSimulator
		{4985B5B7-4C89-4DEE-8684-C18995CA4CBA}.Ad-Hoc|x86.ActiveCfg = Debug|iPhoneSimulator
		{4985B5B7-4C89-4DEE-8684-C18995CA4CBA}.Ad-Hoc|x86.Build.0 = Debug|iPhoneSimulator
		{4985B5B7-4C89-4DEE-8684-C18995CA4CBA}.AppStore|Any CPU.ActiveCfg = Debug|iPhoneSimulator
		{4985B5B7-4C89-4DEE-8684-C18995CA4CBA}.AppStore|Any CPU.Build.0 = Debug|iPhoneSimulator
		{4985B5B7-4C89-4DEE-8684-C18995CA4CBA}.AppStore|ARM.ActiveCfg = Debug|iPhoneSimulator
		{4985B5B7-4C89-4DEE-8684-C18995CA4CBA}.AppStore|ARM.Build.0 = Debug|iPhoneSimulator
		{4985B5B7-4C89-4DEE-8684-C18995CA4CBA}.AppStore|ARM64.ActiveCfg = Debug|iPhoneSimulator
		{4985B5B7-4C89-4DEE-8684-C18995CA4CBA}.AppStore|ARM64.Build.0 = Debug|iPhoneSimulator
		{4985B5B7-4C89-4DEE-8684-C18995CA4CBA}.AppStore|iPhone.ActiveCfg = Debug|iPhoneSimulator
		{4985B5B7-4C89-4DEE-8684-C18995CA4CBA}.AppStore|iPhone.Build.0 = Debug|iPhoneSimulator
		{4985B5B7-4C89-4DEE-8684-C18995CA4CBA}.AppStore|iPhoneSimulator.ActiveCfg = Debug|iPhoneSimulator
		{4985B5B7-4C89-4DEE-8684-C18995CA4CBA}.AppStore|iPhoneSimulator.Build.0 = Debug|iPhoneSimulator
		{4985B5B7-4C89-4DEE-8684-C18995CA4CBA}.AppStore|x64.ActiveCfg = Debug|iPhoneSimulator
		{4985B5B7-4C89-4DEE-8684-C18995CA4CBA}.AppStore|x64.Build.0 = Debug|iPhoneSimulator
		{4985B5B7-4C89-4DEE-8684-C18995CA4CBA}.AppStore|x86.ActiveCfg = Debug|iPhoneSimulator
		{4985B5B7-4C89-4DEE-8684-C18995CA4CBA}.AppStore|x86.Build.0 = Debug|iPhoneSimulator
		{4985B5B7-4C89-4DEE-8684-C18995CA4CBA}.Debug|Any CPU.ActiveCfg = Debug|iPhoneSimulator
		{4985B5B7-4C89-4DEE-8684-C18995CA4CBA}.Debug|Any CPU.Build.0 = Debug|iPhoneSimulator
		{4985B5B7-4C89-4DEE-8684-C18995CA4CBA}.Debug|ARM.ActiveCfg = Debug|iPhoneSimulator
		{4985B5B7-4C89-4DEE-8684-C18995CA4CBA}.Debug|ARM.Build.0 = Debug|iPhoneSimulator
		{4985B5B7-4C89-4DEE-8684-C18995CA4CBA}.Debug|ARM64.ActiveCfg = Debug|iPhoneSimulator
		{4985B5B7-4C89-4DEE-8684-C18995CA4CBA}.Debug|ARM64.Build.0 = Debug|iPhoneSimulator
		{4985B5B7-4C89-4DEE-8684-C18995CA4CBA}.Debug|iPhone.ActiveCfg = Debug|iPhoneSimulator
		{4985B5B7-4C89-4DEE-8684-C18995CA4CBA}.Debug|iPhone.Build.0 = Debug|iPhoneSimulator
		{4985B5B7-4C89-4DEE-8684-C18995CA4CBA}.Debug|iPhoneSimulator.ActiveCfg = Debug|iPhoneSimulator
		{4985B5B7-4C89-4DEE-8684-C18995CA4CBA}.Debug|iPhoneSimulator.Build.0 = Debug|iPhoneSimulator
		{4985B5B7-4C89-4DEE-8684-C18995CA4CBA}.Debug|x64.ActiveCfg = Debug|iPhoneSimulator
		{4985B5B7-4C89-4DEE-8684-C18995CA4CBA}.Debug|x64.Build.0 = Debug|iPhoneSimulator
		{4985B5B7-4C89-4DEE-8684-C18995CA4CBA}.Debug|x86.ActiveCfg = Debug|iPhoneSimulator
		{4985B5B7-4C89-4DEE-8684-C18995CA4CBA}.Debug|x86.Build.0 = Debug|iPhoneSimulator
		{4985B5B7-4C89-4DEE-8684-C18995CA4CBA}.Release|Any CPU.ActiveCfg = Release|iPhoneSimulator
		{4985B5B7-4C89-4DEE-8684-C18995CA4CBA}.Release|Any CPU.Build.0 = Release|iPhoneSimulator
		{4985B5B7-4C89-4DEE-8684-C18995CA4CBA}.Release|ARM.ActiveCfg = Release|iPhoneSimulator
		{4985B5B7-4C89-4DEE-8684-C18995CA4CBA}.Release|ARM.Build.0 = Release|iPhoneSimulator
		{4985B5B7-4C89-4DEE-8684-C18995CA4CBA}.Release|ARM64.ActiveCfg = Release|iPhoneSimulator
		{4985B5B7-4C89-4DEE-8684-C18995CA4CBA}.Release|ARM64.Build.0 = Release|iPhoneSimulator
		{4985B5B7-4C89-4DEE-8684-C18995CA4CBA}.Release|iPhone.ActiveCfg = Release|iPhoneSimulator
		{4985B5B7-4C89-4DEE-8684-C18995CA4CBA}.Release|iPhone.Build.0 = Release|iPhoneSimulator
		{4985B5B7-4C89-4DEE-8684-C18995CA4CBA}.Release|iPhoneSimulator.ActiveCfg = Release|iPhoneSimulator
		{4985B5B7-4C89-4DEE-8684-C18995CA4CBA}.Release|iPhoneSimulator.Build.0 = Release|iPhoneSimulator
		{4985B5B7-4C89-4DEE-8684-C18995CA4CBA}.Release|x64.ActiveCfg = Release|iPhoneSimulator
		{4985B5B7-4C89-4DEE-8684-C18995CA4CBA}.Release|x64.Build.0 = Release|iPhoneSimulator
		{4985B5B7-4C89-4DEE-8684-C18995CA4CBA}.Release|x86.ActiveCfg = Release|iPhoneSimulator
		{4985B5B7-4C89-4DEE-8684-C18995CA4CBA}.Release|x86.Build.0 = Release|iPhoneSimulator
		{65479AE4-60D6-431E-A1AF-1C33A4010078}.Ad-Hoc|Any CPU.ActiveCfg = Debug|Any CPU
		{65479AE4-60D6-431E-A1AF-1C33A4010078}.Ad-Hoc|Any CPU.Build.0 = Debug|Any CPU
		{65479AE4-60D6-431E-A1AF-1C33A4010078}.Ad-Hoc|ARM.ActiveCfg = Debug|Any CPU
		{65479AE4-60D6-431E-A1AF-1C33A4010078}.Ad-Hoc|ARM.Build.0 = Debug|Any CPU
		{65479AE4-60D6-431E-A1AF-1C33A4010078}.Ad-Hoc|ARM64.ActiveCfg = Debug|Any CPU
		{65479AE4-60D6-431E-A1AF-1C33A4010078}.Ad-Hoc|ARM64.Build.0 = Debug|Any CPU
		{65479AE4-60D6-431E-A1AF-1C33A4010078}.Ad-Hoc|iPhone.ActiveCfg = Debug|Any CPU
		{65479AE4-60D6-431E-A1AF-1C33A4010078}.Ad-Hoc|iPhone.Build.0 = Debug|Any CPU
		{65479AE4-60D6-431E-A1AF-1C33A4010078}.Ad-Hoc|iPhoneSimulator.ActiveCfg = Debug|Any CPU
		{65479AE4-60D6-431E-A1AF-1C33A4010078}.Ad-Hoc|iPhoneSimulator.Build.0 = Debug|Any CPU
		{65479AE4-60D6-431E-A1AF-1C33A4010078}.Ad-Hoc|x64.ActiveCfg = Debug|Any CPU
		{65479AE4-60D6-431E-A1AF-1C33A4010078}.Ad-Hoc|x64.Build.0 = Debug|Any CPU
		{65479AE4-60D6-431E-A1AF-1C33A4010078}.Ad-Hoc|x86.ActiveCfg = Debug|Any CPU
		{65479AE4-60D6-431E-A1AF-1C33A4010078}.Ad-Hoc|x86.Build.0 = Debug|Any CPU
		{65479AE4-60D6-431E-A1AF-1C33A4010078}.AppStore|Any CPU.ActiveCfg = Debug|Any CPU
		{65479AE4-60D6-431E-A1AF-1C33A4010078}.AppStore|Any CPU.Build.0 = Debug|Any CPU
		{65479AE4-60D6-431E-A1AF-1C33A4010078}.AppStore|ARM.ActiveCfg = Debug|Any CPU
		{65479AE4-60D6-431E-A1AF-1C33A4010078}.AppStore|ARM.Build.0 = Debug|Any CPU
		{65479AE4-60D6-431E-A1AF-1C33A4010078}.AppStore|ARM64.ActiveCfg = Debug|Any CPU
		{65479AE4-60D6-431E-A1AF-1C33A4010078}.AppStore|ARM64.Build.0 = Debug|Any CPU
		{65479AE4-60D6-431E-A1AF-1C33A4010078}.AppStore|iPhone.ActiveCfg = Debug|Any CPU
		{65479AE4-60D6-431E-A1AF-1C33A4010078}.AppStore|iPhone.Build.0 = Debug|Any CPU
		{65479AE4-60D6-431E-A1AF-1C33A4010078}.AppStore|iPhoneSimulator.ActiveCfg = Debug|Any CPU
		{65479AE4-60D6-431E-A1AF-1C33A4010078}.AppStore|iPhoneSimulator.Build.0 = Debug|Any CPU
		{65479AE4-60D6-431E-A1AF-1C33A4010078}.AppStore|x64.ActiveCfg = Debug|Any CPU
		{65479AE4-60D6-431E-A1AF-1C33A4010078}.AppStore|x64.Build.0 = Debug|Any CPU
		{65479AE4-60D6-431E-A1AF-1C33A4010078}.AppStore|x86.ActiveCfg = Debug|Any CPU
		{65479AE4-60D6-431E-A1AF-1C33A4010078}.AppStore|x86.Build.0 = Debug|Any CPU
		{65479AE4-60D6-431E-A1AF-1C33A4010078}.Debug|Any CPU.ActiveCfg = Debug|Any CPU
		{65479AE4-60D6-431E-A1AF-1C33A4010078}.Debug|Any CPU.Build.0 = Debug|Any CPU
		{65479AE4-60D6-431E-A1AF-1C33A4010078}.Debug|ARM.ActiveCfg = Debug|Any CPU
		{65479AE4-60D6-431E-A1AF-1C33A4010078}.Debug|ARM.Build.0 = Debug|Any CPU
		{65479AE4-60D6-431E-A1AF-1C33A4010078}.Debug|ARM64.ActiveCfg = Debug|Any CPU
		{65479AE4-60D6-431E-A1AF-1C33A4010078}.Debug|ARM64.Build.0 = Debug|Any CPU
		{65479AE4-60D6-431E-A1AF-1C33A4010078}.Debug|iPhone.ActiveCfg = Debug|Any CPU
		{65479AE4-60D6-431E-A1AF-1C33A4010078}.Debug|iPhone.Build.0 = Debug|Any CPU
		{65479AE4-60D6-431E-A1AF-1C33A4010078}.Debug|iPhoneSimulator.ActiveCfg = Debug|Any CPU
		{65479AE4-60D6-431E-A1AF-1C33A4010078}.Debug|iPhoneSimulator.Build.0 = Debug|Any CPU
		{65479AE4-60D6-431E-A1AF-1C33A4010078}.Debug|x64.ActiveCfg = Debug|Any CPU
		{65479AE4-60D6-431E-A1AF-1C33A4010078}.Debug|x64.Build.0 = Debug|Any CPU
		{65479AE4-60D6-431E-A1AF-1C33A4010078}.Debug|x86.ActiveCfg = Debug|Any CPU
		{65479AE4-60D6-431E-A1AF-1C33A4010078}.Debug|x86.Build.0 = Debug|Any CPU
		{65479AE4-60D6-431E-A1AF-1C33A4010078}.Release|Any CPU.ActiveCfg = Release|Any CPU
		{65479AE4-60D6-431E-A1AF-1C33A4010078}.Release|Any CPU.Build.0 = Release|Any CPU
		{65479AE4-60D6-431E-A1AF-1C33A4010078}.Release|ARM.ActiveCfg = Release|Any CPU
		{65479AE4-60D6-431E-A1AF-1C33A4010078}.Release|ARM.Build.0 = Release|Any CPU
		{65479AE4-60D6-431E-A1AF-1C33A4010078}.Release|ARM64.ActiveCfg = Release|Any CPU
		{65479AE4-60D6-431E-A1AF-1C33A4010078}.Release|ARM64.Build.0 = Release|Any CPU
		{65479AE4-60D6-431E-A1AF-1C33A4010078}.Release|iPhone.ActiveCfg = Release|Any CPU
		{65479AE4-60D6-431E-A1AF-1C33A4010078}.Release|iPhone.Build.0 = Release|Any CPU
		{65479AE4-60D6-431E-A1AF-1C33A4010078}.Release|iPhoneSimulator.ActiveCfg = Release|Any CPU
		{65479AE4-60D6-431E-A1AF-1C33A4010078}.Release|iPhoneSimulator.Build.0 = Release|Any CPU
		{65479AE4-60D6-431E-A1AF-1C33A4010078}.Release|x64.ActiveCfg = Release|Any CPU
		{65479AE4-60D6-431E-A1AF-1C33A4010078}.Release|x64.Build.0 = Release|Any CPU
		{65479AE4-60D6-431E-A1AF-1C33A4010078}.Release|x86.ActiveCfg = Release|Any CPU
		{65479AE4-60D6-431E-A1AF-1C33A4010078}.Release|x86.Build.0 = Release|Any CPU
		{25AD8F79-91A3-4F5D-94D4-87098CB34D5C}.Ad-Hoc|Any CPU.ActiveCfg = Debug|Any CPU
		{25AD8F79-91A3-4F5D-94D4-87098CB34D5C}.Ad-Hoc|Any CPU.Build.0 = Debug|Any CPU
		{25AD8F79-91A3-4F5D-94D4-87098CB34D5C}.Ad-Hoc|ARM.ActiveCfg = Debug|Any CPU
		{25AD8F79-91A3-4F5D-94D4-87098CB34D5C}.Ad-Hoc|ARM.Build.0 = Debug|Any CPU
		{25AD8F79-91A3-4F5D-94D4-87098CB34D5C}.Ad-Hoc|ARM64.ActiveCfg = Debug|Any CPU
		{25AD8F79-91A3-4F5D-94D4-87098CB34D5C}.Ad-Hoc|ARM64.Build.0 = Debug|Any CPU
		{25AD8F79-91A3-4F5D-94D4-87098CB34D5C}.Ad-Hoc|iPhone.ActiveCfg = Debug|Any CPU
		{25AD8F79-91A3-4F5D-94D4-87098CB34D5C}.Ad-Hoc|iPhone.Build.0 = Debug|Any CPU
		{25AD8F79-91A3-4F5D-94D4-87098CB34D5C}.Ad-Hoc|iPhoneSimulator.ActiveCfg = Debug|Any CPU
		{25AD8F79-91A3-4F5D-94D4-87098CB34D5C}.Ad-Hoc|iPhoneSimulator.Build.0 = Debug|Any CPU
		{25AD8F79-91A3-4F5D-94D4-87098CB34D5C}.Ad-Hoc|x64.ActiveCfg = Debug|Any CPU
		{25AD8F79-91A3-4F5D-94D4-87098CB34D5C}.Ad-Hoc|x64.Build.0 = Debug|Any CPU
		{25AD8F79-91A3-4F5D-94D4-87098CB34D5C}.Ad-Hoc|x86.ActiveCfg = Debug|Any CPU
		{25AD8F79-91A3-4F5D-94D4-87098CB34D5C}.Ad-Hoc|x86.Build.0 = Debug|Any CPU
		{25AD8F79-91A3-4F5D-94D4-87098CB34D5C}.AppStore|Any CPU.ActiveCfg = Debug|Any CPU
		{25AD8F79-91A3-4F5D-94D4-87098CB34D5C}.AppStore|Any CPU.Build.0 = Debug|Any CPU
		{25AD8F79-91A3-4F5D-94D4-87098CB34D5C}.AppStore|ARM.ActiveCfg = Debug|Any CPU
		{25AD8F79-91A3-4F5D-94D4-87098CB34D5C}.AppStore|ARM.Build.0 = Debug|Any CPU
		{25AD8F79-91A3-4F5D-94D4-87098CB34D5C}.AppStore|ARM64.ActiveCfg = Debug|Any CPU
		{25AD8F79-91A3-4F5D-94D4-87098CB34D5C}.AppStore|ARM64.Build.0 = Debug|Any CPU
		{25AD8F79-91A3-4F5D-94D4-87098CB34D5C}.AppStore|iPhone.ActiveCfg = Debug|Any CPU
		{25AD8F79-91A3-4F5D-94D4-87098CB34D5C}.AppStore|iPhone.Build.0 = Debug|Any CPU
		{25AD8F79-91A3-4F5D-94D4-87098CB34D5C}.AppStore|iPhoneSimulator.ActiveCfg = Debug|Any CPU
		{25AD8F79-91A3-4F5D-94D4-87098CB34D5C}.AppStore|iPhoneSimulator.Build.0 = Debug|Any CPU
		{25AD8F79-91A3-4F5D-94D4-87098CB34D5C}.AppStore|x64.ActiveCfg = Debug|Any CPU
		{25AD8F79-91A3-4F5D-94D4-87098CB34D5C}.AppStore|x64.Build.0 = Debug|Any CPU
		{25AD8F79-91A3-4F5D-94D4-87098CB34D5C}.AppStore|x86.ActiveCfg = Debug|Any CPU
		{25AD8F79-91A3-4F5D-94D4-87098CB34D5C}.AppStore|x86.Build.0 = Debug|Any CPU
		{25AD8F79-91A3-4F5D-94D4-87098CB34D5C}.Debug|Any CPU.ActiveCfg = Debug|Any CPU
		{25AD8F79-91A3-4F5D-94D4-87098CB34D5C}.Debug|Any CPU.Build.0 = Debug|Any CPU
		{25AD8F79-91A3-4F5D-94D4-87098CB34D5C}.Debug|ARM.ActiveCfg = Debug|Any CPU
		{25AD8F79-91A3-4F5D-94D4-87098CB34D5C}.Debug|ARM.Build.0 = Debug|Any CPU
		{25AD8F79-91A3-4F5D-94D4-87098CB34D5C}.Debug|ARM64.ActiveCfg = Debug|Any CPU
		{25AD8F79-91A3-4F5D-94D4-87098CB34D5C}.Debug|ARM64.Build.0 = Debug|Any CPU
		{25AD8F79-91A3-4F5D-94D4-87098CB34D5C}.Debug|iPhone.ActiveCfg = Debug|Any CPU
		{25AD8F79-91A3-4F5D-94D4-87098CB34D5C}.Debug|iPhone.Build.0 = Debug|Any CPU
		{25AD8F79-91A3-4F5D-94D4-87098CB34D5C}.Debug|iPhoneSimulator.ActiveCfg = Debug|Any CPU
		{25AD8F79-91A3-4F5D-94D4-87098CB34D5C}.Debug|iPhoneSimulator.Build.0 = Debug|Any CPU
		{25AD8F79-91A3-4F5D-94D4-87098CB34D5C}.Debug|x64.ActiveCfg = Debug|Any CPU
		{25AD8F79-91A3-4F5D-94D4-87098CB34D5C}.Debug|x64.Build.0 = Debug|Any CPU
		{25AD8F79-91A3-4F5D-94D4-87098CB34D5C}.Debug|x86.ActiveCfg = Debug|Any CPU
		{25AD8F79-91A3-4F5D-94D4-87098CB34D5C}.Debug|x86.Build.0 = Debug|Any CPU
		{25AD8F79-91A3-4F5D-94D4-87098CB34D5C}.Release|Any CPU.ActiveCfg = Release|Any CPU
		{25AD8F79-91A3-4F5D-94D4-87098CB34D5C}.Release|Any CPU.Build.0 = Release|Any CPU
		{25AD8F79-91A3-4F5D-94D4-87098CB34D5C}.Release|ARM.ActiveCfg = Release|Any CPU
		{25AD8F79-91A3-4F5D-94D4-87098CB34D5C}.Release|ARM.Build.0 = Release|Any CPU
		{25AD8F79-91A3-4F5D-94D4-87098CB34D5C}.Release|ARM64.ActiveCfg = Release|Any CPU
		{25AD8F79-91A3-4F5D-94D4-87098CB34D5C}.Release|ARM64.Build.0 = Release|Any CPU
		{25AD8F79-91A3-4F5D-94D4-87098CB34D5C}.Release|iPhone.ActiveCfg = Release|Any CPU
		{25AD8F79-91A3-4F5D-94D4-87098CB34D5C}.Release|iPhone.Build.0 = Release|Any CPU
		{25AD8F79-91A3-4F5D-94D4-87098CB34D5C}.Release|iPhoneSimulator.ActiveCfg = Release|Any CPU
		{25AD8F79-91A3-4F5D-94D4-87098CB34D5C}.Release|iPhoneSimulator.Build.0 = Release|Any CPU
		{25AD8F79-91A3-4F5D-94D4-87098CB34D5C}.Release|x64.ActiveCfg = Release|Any CPU
		{25AD8F79-91A3-4F5D-94D4-87098CB34D5C}.Release|x64.Build.0 = Release|Any CPU
		{25AD8F79-91A3-4F5D-94D4-87098CB34D5C}.Release|x86.ActiveCfg = Release|Any CPU
		{25AD8F79-91A3-4F5D-94D4-87098CB34D5C}.Release|x86.Build.0 = Release|Any CPU
		{0EDCFB41-4EF7-4E9D-A0C9-38517FFCFFF5}.Ad-Hoc|Any CPU.ActiveCfg = Debug|Any CPU
		{0EDCFB41-4EF7-4E9D-A0C9-38517FFCFFF5}.Ad-Hoc|Any CPU.Build.0 = Debug|Any CPU
		{0EDCFB41-4EF7-4E9D-A0C9-38517FFCFFF5}.Ad-Hoc|ARM.ActiveCfg = Debug|Any CPU
		{0EDCFB41-4EF7-4E9D-A0C9-38517FFCFFF5}.Ad-Hoc|ARM.Build.0 = Debug|Any CPU
		{0EDCFB41-4EF7-4E9D-A0C9-38517FFCFFF5}.Ad-Hoc|ARM64.ActiveCfg = Debug|Any CPU
		{0EDCFB41-4EF7-4E9D-A0C9-38517FFCFFF5}.Ad-Hoc|ARM64.Build.0 = Debug|Any CPU
		{0EDCFB41-4EF7-4E9D-A0C9-38517FFCFFF5}.Ad-Hoc|iPhone.ActiveCfg = Debug|Any CPU
		{0EDCFB41-4EF7-4E9D-A0C9-38517FFCFFF5}.Ad-Hoc|iPhone.Build.0 = Debug|Any CPU
		{0EDCFB41-4EF7-4E9D-A0C9-38517FFCFFF5}.Ad-Hoc|iPhoneSimulator.ActiveCfg = Debug|Any CPU
		{0EDCFB41-4EF7-4E9D-A0C9-38517FFCFFF5}.Ad-Hoc|iPhoneSimulator.Build.0 = Debug|Any CPU
		{0EDCFB41-4EF7-4E9D-A0C9-38517FFCFFF5}.Ad-Hoc|x64.ActiveCfg = Debug|Any CPU
		{0EDCFB41-4EF7-4E9D-A0C9-38517FFCFFF5}.Ad-Hoc|x64.Build.0 = Debug|Any CPU
		{0EDCFB41-4EF7-4E9D-A0C9-38517FFCFFF5}.Ad-Hoc|x86.ActiveCfg = Debug|Any CPU
		{0EDCFB41-4EF7-4E9D-A0C9-38517FFCFFF5}.Ad-Hoc|x86.Build.0 = Debug|Any CPU
		{0EDCFB41-4EF7-4E9D-A0C9-38517FFCFFF5}.AppStore|Any CPU.ActiveCfg = Debug|Any CPU
		{0EDCFB41-4EF7-4E9D-A0C9-38517FFCFFF5}.AppStore|Any CPU.Build.0 = Debug|Any CPU
		{0EDCFB41-4EF7-4E9D-A0C9-38517FFCFFF5}.AppStore|ARM.ActiveCfg = Debug|Any CPU
		{0EDCFB41-4EF7-4E9D-A0C9-38517FFCFFF5}.AppStore|ARM.Build.0 = Debug|Any CPU
		{0EDCFB41-4EF7-4E9D-A0C9-38517FFCFFF5}.AppStore|ARM64.ActiveCfg = Debug|Any CPU
		{0EDCFB41-4EF7-4E9D-A0C9-38517FFCFFF5}.AppStore|ARM64.Build.0 = Debug|Any CPU
		{0EDCFB41-4EF7-4E9D-A0C9-38517FFCFFF5}.AppStore|iPhone.ActiveCfg = Debug|Any CPU
		{0EDCFB41-4EF7-4E9D-A0C9-38517FFCFFF5}.AppStore|iPhone.Build.0 = Debug|Any CPU
		{0EDCFB41-4EF7-4E9D-A0C9-38517FFCFFF5}.AppStore|iPhoneSimulator.ActiveCfg = Debug|Any CPU
		{0EDCFB41-4EF7-4E9D-A0C9-38517FFCFFF5}.AppStore|iPhoneSimulator.Build.0 = Debug|Any CPU
		{0EDCFB41-4EF7-4E9D-A0C9-38517FFCFFF5}.AppStore|x64.ActiveCfg = Debug|Any CPU
		{0EDCFB41-4EF7-4E9D-A0C9-38517FFCFFF5}.AppStore|x64.Build.0 = Debug|Any CPU
		{0EDCFB41-4EF7-4E9D-A0C9-38517FFCFFF5}.AppStore|x86.ActiveCfg = Debug|Any CPU
		{0EDCFB41-4EF7-4E9D-A0C9-38517FFCFFF5}.AppStore|x86.Build.0 = Debug|Any CPU
		{0EDCFB41-4EF7-4E9D-A0C9-38517FFCFFF5}.Debug|Any CPU.ActiveCfg = Debug|Any CPU
		{0EDCFB41-4EF7-4E9D-A0C9-38517FFCFFF5}.Debug|Any CPU.Build.0 = Debug|Any CPU
		{0EDCFB41-4EF7-4E9D-A0C9-38517FFCFFF5}.Debug|ARM.ActiveCfg = Debug|Any CPU
		{0EDCFB41-4EF7-4E9D-A0C9-38517FFCFFF5}.Debug|ARM.Build.0 = Debug|Any CPU
		{0EDCFB41-4EF7-4E9D-A0C9-38517FFCFFF5}.Debug|ARM64.ActiveCfg = Debug|Any CPU
		{0EDCFB41-4EF7-4E9D-A0C9-38517FFCFFF5}.Debug|ARM64.Build.0 = Debug|Any CPU
		{0EDCFB41-4EF7-4E9D-A0C9-38517FFCFFF5}.Debug|iPhone.ActiveCfg = Debug|Any CPU
		{0EDCFB41-4EF7-4E9D-A0C9-38517FFCFFF5}.Debug|iPhone.Build.0 = Debug|Any CPU
		{0EDCFB41-4EF7-4E9D-A0C9-38517FFCFFF5}.Debug|iPhoneSimulator.ActiveCfg = Debug|Any CPU
		{0EDCFB41-4EF7-4E9D-A0C9-38517FFCFFF5}.Debug|iPhoneSimulator.Build.0 = Debug|Any CPU
		{0EDCFB41-4EF7-4E9D-A0C9-38517FFCFFF5}.Debug|x64.ActiveCfg = Debug|Any CPU
		{0EDCFB41-4EF7-4E9D-A0C9-38517FFCFFF5}.Debug|x64.Build.0 = Debug|Any CPU
		{0EDCFB41-4EF7-4E9D-A0C9-38517FFCFFF5}.Debug|x86.ActiveCfg = Debug|Any CPU
		{0EDCFB41-4EF7-4E9D-A0C9-38517FFCFFF5}.Debug|x86.Build.0 = Debug|Any CPU
		{0EDCFB41-4EF7-4E9D-A0C9-38517FFCFFF5}.Release|Any CPU.ActiveCfg = Release|Any CPU
		{0EDCFB41-4EF7-4E9D-A0C9-38517FFCFFF5}.Release|Any CPU.Build.0 = Release|Any CPU
		{0EDCFB41-4EF7-4E9D-A0C9-38517FFCFFF5}.Release|ARM.ActiveCfg = Release|Any CPU
		{0EDCFB41-4EF7-4E9D-A0C9-38517FFCFFF5}.Release|ARM.Build.0 = Release|Any CPU
		{0EDCFB41-4EF7-4E9D-A0C9-38517FFCFFF5}.Release|ARM64.ActiveCfg = Release|Any CPU
		{0EDCFB41-4EF7-4E9D-A0C9-38517FFCFFF5}.Release|ARM64.Build.0 = Release|Any CPU
		{0EDCFB41-4EF7-4E9D-A0C9-38517FFCFFF5}.Release|iPhone.ActiveCfg = Release|Any CPU
		{0EDCFB41-4EF7-4E9D-A0C9-38517FFCFFF5}.Release|iPhone.Build.0 = Release|Any CPU
		{0EDCFB41-4EF7-4E9D-A0C9-38517FFCFFF5}.Release|iPhoneSimulator.ActiveCfg = Release|Any CPU
		{0EDCFB41-4EF7-4E9D-A0C9-38517FFCFFF5}.Release|iPhoneSimulator.Build.0 = Release|Any CPU
		{0EDCFB41-4EF7-4E9D-A0C9-38517FFCFFF5}.Release|x64.ActiveCfg = Release|Any CPU
		{0EDCFB41-4EF7-4E9D-A0C9-38517FFCFFF5}.Release|x64.Build.0 = Release|Any CPU
		{0EDCFB41-4EF7-4E9D-A0C9-38517FFCFFF5}.Release|x86.ActiveCfg = Release|Any CPU
		{0EDCFB41-4EF7-4E9D-A0C9-38517FFCFFF5}.Release|x86.Build.0 = Release|Any CPU
		{ECCBFFC8-0FFA-409E-AA7F-A3ED8E1772B1}.Ad-Hoc|Any CPU.ActiveCfg = Debug|Any CPU
		{ECCBFFC8-0FFA-409E-AA7F-A3ED8E1772B1}.Ad-Hoc|Any CPU.Build.0 = Debug|Any CPU
		{ECCBFFC8-0FFA-409E-AA7F-A3ED8E1772B1}.Ad-Hoc|ARM.ActiveCfg = Debug|Any CPU
		{ECCBFFC8-0FFA-409E-AA7F-A3ED8E1772B1}.Ad-Hoc|ARM.Build.0 = Debug|Any CPU
		{ECCBFFC8-0FFA-409E-AA7F-A3ED8E1772B1}.Ad-Hoc|ARM64.ActiveCfg = Debug|Any CPU
		{ECCBFFC8-0FFA-409E-AA7F-A3ED8E1772B1}.Ad-Hoc|ARM64.Build.0 = Debug|Any CPU
		{ECCBFFC8-0FFA-409E-AA7F-A3ED8E1772B1}.Ad-Hoc|iPhone.ActiveCfg = Debug|Any CPU
		{ECCBFFC8-0FFA-409E-AA7F-A3ED8E1772B1}.Ad-Hoc|iPhone.Build.0 = Debug|Any CPU
		{ECCBFFC8-0FFA-409E-AA7F-A3ED8E1772B1}.Ad-Hoc|iPhoneSimulator.ActiveCfg = Debug|Any CPU
		{ECCBFFC8-0FFA-409E-AA7F-A3ED8E1772B1}.Ad-Hoc|iPhoneSimulator.Build.0 = Debug|Any CPU
		{ECCBFFC8-0FFA-409E-AA7F-A3ED8E1772B1}.Ad-Hoc|x64.ActiveCfg = Debug|Any CPU
		{ECCBFFC8-0FFA-409E-AA7F-A3ED8E1772B1}.Ad-Hoc|x64.Build.0 = Debug|Any CPU
		{ECCBFFC8-0FFA-409E-AA7F-A3ED8E1772B1}.Ad-Hoc|x86.ActiveCfg = Debug|Any CPU
		{ECCBFFC8-0FFA-409E-AA7F-A3ED8E1772B1}.Ad-Hoc|x86.Build.0 = Debug|Any CPU
		{ECCBFFC8-0FFA-409E-AA7F-A3ED8E1772B1}.AppStore|Any CPU.ActiveCfg = Debug|Any CPU
		{ECCBFFC8-0FFA-409E-AA7F-A3ED8E1772B1}.AppStore|Any CPU.Build.0 = Debug|Any CPU
		{ECCBFFC8-0FFA-409E-AA7F-A3ED8E1772B1}.AppStore|ARM.ActiveCfg = Debug|Any CPU
		{ECCBFFC8-0FFA-409E-AA7F-A3ED8E1772B1}.AppStore|ARM.Build.0 = Debug|Any CPU
		{ECCBFFC8-0FFA-409E-AA7F-A3ED8E1772B1}.AppStore|ARM64.ActiveCfg = Debug|Any CPU
		{ECCBFFC8-0FFA-409E-AA7F-A3ED8E1772B1}.AppStore|ARM64.Build.0 = Debug|Any CPU
		{ECCBFFC8-0FFA-409E-AA7F-A3ED8E1772B1}.AppStore|iPhone.ActiveCfg = Debug|Any CPU
		{ECCBFFC8-0FFA-409E-AA7F-A3ED8E1772B1}.AppStore|iPhone.Build.0 = Debug|Any CPU
		{ECCBFFC8-0FFA-409E-AA7F-A3ED8E1772B1}.AppStore|iPhoneSimulator.ActiveCfg = Debug|Any CPU
		{ECCBFFC8-0FFA-409E-AA7F-A3ED8E1772B1}.AppStore|iPhoneSimulator.Build.0 = Debug|Any CPU
		{ECCBFFC8-0FFA-409E-AA7F-A3ED8E1772B1}.AppStore|x64.ActiveCfg = Debug|Any CPU
		{ECCBFFC8-0FFA-409E-AA7F-A3ED8E1772B1}.AppStore|x64.Build.0 = Debug|Any CPU
		{ECCBFFC8-0FFA-409E-AA7F-A3ED8E1772B1}.AppStore|x86.ActiveCfg = Debug|Any CPU
		{ECCBFFC8-0FFA-409E-AA7F-A3ED8E1772B1}.AppStore|x86.Build.0 = Debug|Any CPU
		{ECCBFFC8-0FFA-409E-AA7F-A3ED8E1772B1}.Debug|Any CPU.ActiveCfg = Debug|Any CPU
		{ECCBFFC8-0FFA-409E-AA7F-A3ED8E1772B1}.Debug|Any CPU.Build.0 = Debug|Any CPU
		{ECCBFFC8-0FFA-409E-AA7F-A3ED8E1772B1}.Debug|ARM.ActiveCfg = Debug|Any CPU
		{ECCBFFC8-0FFA-409E-AA7F-A3ED8E1772B1}.Debug|ARM.Build.0 = Debug|Any CPU
		{ECCBFFC8-0FFA-409E-AA7F-A3ED8E1772B1}.Debug|ARM64.ActiveCfg = Debug|Any CPU
		{ECCBFFC8-0FFA-409E-AA7F-A3ED8E1772B1}.Debug|ARM64.Build.0 = Debug|Any CPU
		{ECCBFFC8-0FFA-409E-AA7F-A3ED8E1772B1}.Debug|iPhone.ActiveCfg = Debug|Any CPU
		{ECCBFFC8-0FFA-409E-AA7F-A3ED8E1772B1}.Debug|iPhone.Build.0 = Debug|Any CPU
		{ECCBFFC8-0FFA-409E-AA7F-A3ED8E1772B1}.Debug|iPhoneSimulator.ActiveCfg = Debug|Any CPU
		{ECCBFFC8-0FFA-409E-AA7F-A3ED8E1772B1}.Debug|iPhoneSimulator.Build.0 = Debug|Any CPU
		{ECCBFFC8-0FFA-409E-AA7F-A3ED8E1772B1}.Debug|x64.ActiveCfg = Debug|Any CPU
		{ECCBFFC8-0FFA-409E-AA7F-A3ED8E1772B1}.Debug|x64.Build.0 = Debug|Any CPU
		{ECCBFFC8-0FFA-409E-AA7F-A3ED8E1772B1}.Debug|x86.ActiveCfg = Debug|Any CPU
		{ECCBFFC8-0FFA-409E-AA7F-A3ED8E1772B1}.Debug|x86.Build.0 = Debug|Any CPU
		{ECCBFFC8-0FFA-409E-AA7F-A3ED8E1772B1}.Release|Any CPU.ActiveCfg = Release|Any CPU
		{ECCBFFC8-0FFA-409E-AA7F-A3ED8E1772B1}.Release|Any CPU.Build.0 = Release|Any CPU
		{ECCBFFC8-0FFA-409E-AA7F-A3ED8E1772B1}.Release|ARM.ActiveCfg = Release|Any CPU
		{ECCBFFC8-0FFA-409E-AA7F-A3ED8E1772B1}.Release|ARM.Build.0 = Release|Any CPU
		{ECCBFFC8-0FFA-409E-AA7F-A3ED8E1772B1}.Release|ARM64.ActiveCfg = Release|Any CPU
		{ECCBFFC8-0FFA-409E-AA7F-A3ED8E1772B1}.Release|ARM64.Build.0 = Release|Any CPU
		{ECCBFFC8-0FFA-409E-AA7F-A3ED8E1772B1}.Release|iPhone.ActiveCfg = Release|Any CPU
		{ECCBFFC8-0FFA-409E-AA7F-A3ED8E1772B1}.Release|iPhone.Build.0 = Release|Any CPU
		{ECCBFFC8-0FFA-409E-AA7F-A3ED8E1772B1}.Release|iPhoneSimulator.ActiveCfg = Release|Any CPU
		{ECCBFFC8-0FFA-409E-AA7F-A3ED8E1772B1}.Release|iPhoneSimulator.Build.0 = Release|Any CPU
		{ECCBFFC8-0FFA-409E-AA7F-A3ED8E1772B1}.Release|x64.ActiveCfg = Release|Any CPU
		{ECCBFFC8-0FFA-409E-AA7F-A3ED8E1772B1}.Release|x64.Build.0 = Release|Any CPU
		{ECCBFFC8-0FFA-409E-AA7F-A3ED8E1772B1}.Release|x86.ActiveCfg = Release|Any CPU
		{ECCBFFC8-0FFA-409E-AA7F-A3ED8E1772B1}.Release|x86.Build.0 = Release|Any CPU
	EndGlobalSection
	GlobalSection(SolutionProperties) = preSolution
		HideSolutionNode = FALSE
	EndGlobalSection
	GlobalSection(NestedProjects) = preSolution
		{0EE5FCC5-1862-4D99-8724-7F1048D3F3D0} = {B9644A79-A420-462E-B408-60E3A0C28074}
		{8F0794E5-A72D-47EC-8043-05A1C94DC563} = {B9644A79-A420-462E-B408-60E3A0C28074}
		{AE4BEE98-D5C5-4EE9-9241-434A283653CF} = {B9644A79-A420-462E-B408-60E3A0C28074}
		{E56A08A3-C893-4F21-BB1A-C4E3DB39D184} = {B9644A79-A420-462E-B408-60E3A0C28074}
		{4985B5B7-4C89-4DEE-8684-C18995CA4CBA} = {B9644A79-A420-462E-B408-60E3A0C28074}
		{65479AE4-60D6-431E-A1AF-1C33A4010078} = {B9644A79-A420-462E-B408-60E3A0C28074}
		{25AD8F79-91A3-4F5D-94D4-87098CB34D5C} = {B9644A79-A420-462E-B408-60E3A0C28074}
		{0EDCFB41-4EF7-4E9D-A0C9-38517FFCFFF5} = {B9644A79-A420-462E-B408-60E3A0C28074}
		{ECCBFFC8-0FFA-409E-AA7F-A3ED8E1772B1} = {B9644A79-A420-462E-B408-60E3A0C28074}
	EndGlobalSection
	GlobalSection(ExtensibilityGlobals) = postSolution
		SolutionGuid = {AF3A4521-613E-49E3-BCAC-DAF15B0D2F28}
	EndGlobalSection
EndGlobal
